
Microsoft Visual Studio Solution File, Format Version 12.00
# Visual Studio Version 17
VisualStudioVersion = 17.0.31903.59
MinimumVisualStudioVersion = 10.0.40219.1
Project("{FAE04EC0-301F-11D3-BF4B-00C04F79EFBC}") = "ProjectManagement.Domain", "ProjectManagement.Domain\ProjectManagement.Domain.csproj", "{81F45987-AFC3-4655-96D2-93F8C7169563}"
EndProject
Project("{FAE04EC0-301F-11D3-BF4B-00C04F79EFBC}") = "ProjectManagement.Application", "ProjectManagement.Application\ProjectManagement.Application.csproj", "{EA92C7D4-ED24-4651-84BF-315F0F3F2078}"
EndProject
Project("{FAE04EC0-301F-11D3-BF4B-00C04F79EFBC}") = "ProjectManagement.Infrastructure", "ProjectManagement.Infrastructure\ProjectManagement.Infrastructure.csproj", "{10E11BD9-406C-4629-AB42-EA938E4B7947}"
EndProject
Project("{FAE04EC0-301F-11D3-BF4B-00C04F79EFBC}") = "ProjectManagement.API", "ProjectManagement.API\ProjectManagement.API.csproj", "{CD15088A-26A0-4B9B-91C3-10C54EDA5E48}"
EndProject
Global
	GlobalSection(SolutionConfigurationPlatforms) = preSolution
		Debug|Any CPU = Debug|Any CPU
		Release|Any CPU = Release|Any CPU
	EndGlobalSection
	GlobalSection(SolutionProperties) = preSolution
		HideSolutionNode = FALSE
	EndGlobalSection
	GlobalSection(ProjectConfigurationPlatforms) = postSolution
		{81F45987-AFC3-4655-96D2-93F8C7169563}.Debug|Any CPU.ActiveCfg = Debug|Any CPU
		{81F45987-AFC3-4655-96D2-93F8C7169563}.Debug|Any CPU.Build.0 = Debug|Any CPU
		{81F45987-AFC3-4655-96D2-93F8C7169563}.Release|Any CPU.ActiveCfg = Release|Any CPU
		{81F45987-AFC3-4655-96D2-93F8C7169563}.Release|Any CPU.Build.0 = Release|Any CPU
		{EA92C7D4-ED24-4651-84BF-315F0F3F2078}.Debug|Any CPU.ActiveCfg = Debug|Any CPU
		{EA92C7D4-ED24-4651-84BF-315F0F3F2078}.Debug|Any CPU.Build.0 = Debug|Any CPU
		{EA92C7D4-ED24-4651-84BF-315F0F3F2078}.Release|Any CPU.ActiveCfg = Release|Any CPU
		{EA92C7D4-ED24-4651-84BF-315F0F3F2078}.Release|Any CPU.Build.0 = Release|Any CPU
		{10E11BD9-406C-4629-AB42-EA938E4B7947}.Debug|Any CPU.ActiveCfg = Debug|Any CPU
		{10E11BD9-406C-4629-AB42-EA938E4B7947}.Debug|Any CPU.Build.0 = Debug|Any CPU
		{10E11BD9-406C-4629-AB42-EA938E4B7947}.Release|Any CPU.ActiveCfg = Release|Any CPU
		{10E11BD9-406C-4629-AB42-EA938E4B7947}.Release|Any CPU.Build.0 = Release|Any CPU
		{CD15088A-26A0-4B9B-91C3-10C54EDA5E48}.Debug|Any CPU.ActiveCfg = Debug|Any CPU
		{CD15088A-26A0-4B9B-91C3-10C54EDA5E48}.Debug|Any CPU.Build.0 = Debug|Any CPU
		{CD15088A-26A0-4B9B-91C3-10C54EDA5E48}.Release|Any CPU.ActiveCfg = Release|Any CPU
		{CD15088A-26A0-4B9B-91C3-10C54EDA5E48}.Release|Any CPU.Build.0 = Release|Any CPU
	EndGlobalSection
EndGlobal
